
Microsoft Visual Studio Solution File, Format Version 12.00
# Visual Studio Version 16
VisualStudioVersion = 16.0.29306.81
MinimumVisualStudioVersion = 10.0.40219.1
Project("{FAE04EC0-301F-11D3-BF4B-00C04F79EFBC}") = "HKPatients", "HKPatients\HKPatients.csproj", "{E30B52E2-0E35-43CF-B7F1-21BB2EB9EC66}"
EndProject
Global
	GlobalSection(SolutionConfigurationPlatforms) = preSolution
		Debug|Any CPU = Debug|Any CPU
		Release|Any CPU = Release|Any CPU
	EndGlobalSection
	GlobalSection(ProjectConfigurationPlatforms) = postSolution
		{E30B52E2-0E35-43CF-B7F1-21BB2EB9EC66}.Debug|Any CPU.ActiveCfg = Debug|Any CPU
		{E30B52E2-0E35-43CF-B7F1-21BB2EB9EC66}.Debug|Any CPU.Build.0 = Debug|Any CPU
		{E30B52E2-0E35-43CF-B7F1-21BB2EB9EC66}.Release|Any CPU.ActiveCfg = Release|Any CPU
		{E30B52E2-0E35-43CF-B7F1-21BB2EB9EC66}.Release|Any CPU.Build.0 = Release|Any CPU
	EndGlobalSection
	GlobalSection(SolutionProperties) = preSolution
		HideSolutionNode = FALSE
	EndGlobalSection
	GlobalSection(ExtensibilityGlobals) = postSolution
		SolutionGuid = {C3064A08-15D6-4925-899F-298A7D688F3C}
	EndGlobalSection
EndGlobal
